{
  "name": "vary",
  "version": "1.0.0",
  "lockfileVersion": 1,
  "requires": true,
  "dependencies": {
    "nan": {
      "version": "2.10.0",
      "resolved": "https://registry.npmjs.org/nan/-/nan-2.10.0.tgz",
      "integrity": "sha512-bAdJv7fBLhWC+/Bls0Oza+mvTaNQtP+1RyhhhvD95pgUJz6XM5IzgmxOkItJ9tkoCiplvAnXI1tNmmUD/eScyA=="
    },
    "xxhash": {
      "version": "0.2.4",
      "resolved": "https://registry.npmjs.org/xxhash/-/xxhash-0.2.4.tgz",
      "integrity": "sha1-i4pIFiz8zCG5IPpQAmEYfUAhbDk=",
      "requires": {
        "nan": "2.10.0"
      }
    }
  }
}
